
Microsoft Visual Studio Solution File, Format Version 12.00
Project("{FAE04EC0-301F-11D3-BF4B-00C04F79EFBC}") = "Pizza", "Pizza\Pizza.csproj", "{49A94DF2-7765-4736-91DA-8C2AAA93AE7E}"
EndProject
Project("{FAE04EC0-301F-11D3-BF4B-00C04F79EFBC}") = "Warehouse", "Warehouse\Warehouse.csproj", "{7E590051-D385-4B3A-AE9E-0C04407BB8E8}"
EndProject
Global
	GlobalSection(SolutionConfigurationPlatforms) = preSolution
		Debug|Any CPU = Debug|Any CPU
		Release|Any CPU = Release|Any CPU
	EndGlobalSection
	GlobalSection(ProjectConfigurationPlatforms) = postSolution
		{49A94DF2-7765-4736-91DA-8C2AAA93AE7E}.Debug|Any CPU.ActiveCfg = Debug|Any CPU
		{49A94DF2-7765-4736-91DA-8C2AAA93AE7E}.Debug|Any CPU.Build.0 = Debug|Any CPU
		{49A94DF2-7765-4736-91DA-8C2AAA93AE7E}.Release|Any CPU.ActiveCfg = Release|Any CPU
		{49A94DF2-7765-4736-91DA-8C2AAA93AE7E}.Release|Any CPU.Build.0 = Release|Any CPU
		{7E590051-D385-4B3A-AE9E-0C04407BB8E8}.Debug|Any CPU.ActiveCfg = Debug|Any CPU
		{7E590051-D385-4B3A-AE9E-0C04407BB8E8}.Debug|Any CPU.Build.0 = Debug|Any CPU
		{7E590051-D385-4B3A-AE9E-0C04407BB8E8}.Release|Any CPU.ActiveCfg = Release|Any CPU
		{7E590051-D385-4B3A-AE9E-0C04407BB8E8}.Release|Any CPU.Build.0 = Release|Any CPU
	EndGlobalSection
EndGlobal
